// !$*UTF8*$!
{
	archiveVersion = 1;
	classes = {
	};
	objectVersion = 46;
	objects = {

/* Begin PBXBuildFile section */
		87138AC619E541F100E3CFFC /* gekido.mp3 in Resources */ = {isa = PBXBuildFile; fileRef = 87138AC519E541F100E3CFFC /* gekido.mp3 */; };
		8718794B19DE4C1A009F78BC /* MapKit.framework in Frameworks */ = {isa = PBXBuildFile; fileRef = 8718794A19DE4C1A009F78BC /* MapKit.framework */; };
		8718794D19DE4C60009F78BC /* AVFoundation.framework in Frameworks */ = {isa = PBXBuildFile; fileRef = 8718794C19DE4C60009F78BC /* AVFoundation.framework */; };
		8718794F19DE4C6F009F78BC /* AudioToolbox.framework in Frameworks */ = {isa = PBXBuildFile; fileRef = 8718794E19DE4C6F009F78BC /* AudioToolbox.framework */; };
		8718795119DE4CA1009F78BC /* CoreLocation.framework in Frameworks */ = {isa = PBXBuildFile; fileRef = 8718795019DE4CA1009F78BC /* CoreLocation.framework */; };
		874257FC19DF8C31001AB03E /* NotfoundViewController.m in Sources */ = {isa = PBXBuildFile; fileRef = 874257FB19DF8C31001AB03E /* NotfoundViewController.m */; };
		874257FF19DF8F67001AB03E /* Annotetion.m in Sources */ = {isa = PBXBuildFile; fileRef = 874257FE19DF8F67001AB03E /* Annotetion.m */; };
		8773E60219DE4DCC0062FA6E /* ChoiceViewController.m in Sources */ = {isa = PBXBuildFile; fileRef = 8773E60119DE4DCC0062FA6E /* ChoiceViewController.m */; };
		877C007619E609FA00EB7336 /* bad.mp3 in Resources */ = {isa = PBXBuildFile; fileRef = 877C007219E609FA00EB7336 /* bad.mp3 */; };
		877C007719E609FA00EB7336 /* glass.mp3 in Resources */ = {isa = PBXBuildFile; fileRef = 877C007319E609FA00EB7336 /* glass.mp3 */; };
		877C007819E609FA00EB7336 /* kanpai.mp3 in Resources */ = {isa = PBXBuildFile; fileRef = 877C007419E609FA00EB7336 /* kanpai.mp3 */; };
		877C007919E609FA00EB7336 /* sad.mp3 in Resources */ = {isa = PBXBuildFile; fileRef = 877C007519E609FA00EB7336 /* sad.mp3 */; };
		878B821919DE42810003D8E1 /* main.m in Sources */ = {isa = PBXBuildFile; fileRef = 878B821819DE42810003D8E1 /* main.m */; };
		878B821C19DE42810003D8E1 /* AppDelegate.m in Sources */ = {isa = PBXBuildFile; fileRef = 878B821B19DE42810003D8E1 /* AppDelegate.m */; };
		878B821F19DE42810003D8E1 /* ViewController.m in Sources */ = {isa = PBXBuildFile; fileRef = 878B821E19DE42810003D8E1 /* ViewController.m */; };
		878B822219DE42810003D8E1 /* Main.storyboard in Resources */ = {isa = PBXBuildFile; fileRef = 878B822019DE42810003D8E1 /* Main.storyboard */; };
		878B822419DE42810003D8E1 /* Images.xcassets in Resources */ = {isa = PBXBuildFile; fileRef = 878B822319DE42810003D8E1 /* Images.xcassets */; };
		878B822719DE42810003D8E1 /* LaunchScreen.xib in Resources */ = {isa = PBXBuildFile; fileRef = 878B822519DE42810003D8E1 /* LaunchScreen.xib */; };
		878B823319DE42810003D8E1 /* nominikoiTests.m in Sources */ = {isa = PBXBuildFile; fileRef = 878B823219DE42810003D8E1 /* nominikoiTests.m */; };
		87974B7E19E23DAD00C0957C /* Anotetion.m in Sources */ = {isa = PBXBuildFile; fileRef = 87974B7D19E23DAD00C0957C /* Anotetion.m */; };
		8799141B19DE70310010F804 /* MainViewController.m in Sources */ = {isa = PBXBuildFile; fileRef = 8799141A19DE70310010F804 /* MainViewController.m */; };
		879C70B119E4F48100FE7A41 /* FailViewController.m in Sources */ = {isa = PBXBuildFile; fileRef = 879C70B019E4F48100FE7A41 /* FailViewController.m */; };
		879C70B419E5060600FE7A41 /* SucsessViewController.m in Sources */ = {isa = PBXBuildFile; fileRef = 879C70B319E5060600FE7A41 /* SucsessViewController.m */; };
/* End PBXBuildFile section */

/* Begin PBXContainerItemProxy section */
		878B822D19DE42810003D8E1 /* PBXContainerItemProxy */ = {
			isa = PBXContainerItemProxy;
			containerPortal = 878B820B19DE42810003D8E1 /* Project object */;
			proxyType = 1;
			remoteGlobalIDString = 878B821219DE42810003D8E1;
			remoteInfo = nominikoi;
		};
/* End PBXContainerItemProxy section */

/* Begin PBXFileReference section */
		87138AC519E541F100E3CFFC /* gekido.mp3 */ = {isa = PBXFileReference; lastKnownFileType = audio.mp3; name = gekido.mp3; path = "../../../アプリの効果音/gekido.mp3"; sourceTree = "<group>"; };
		8718794A19DE4C1A009F78BC /* MapKit.framework */ = {isa = PBXFileReference; lastKnownFileType = wrapper.framework; name = MapKit.framework; path = System/Library/Frameworks/MapKit.framework; sourceTree = SDKROOT; };
		8718794C19DE4C60009F78BC /* AVFoundation.framework */ = {isa = PBXFileReference; lastKnownFileType = wrapper.framework; name = AVFoundation.framework; path = System/Library/Frameworks/AVFoundation.framework; sourceTree = SDKROOT; };
		8718794E19DE4C6F009F78BC /* AudioToolbox.framework */ = {isa = PBXFileReference; lastKnownFileType = wrapper.framework; name = AudioToolbox.framework; path = System/Library/Frameworks/AudioToolbox.framework; sourceTree = SDKROOT; };
		8718795019DE4CA1009F78BC /* CoreLocation.framework */ = {isa = PBXFileReference; lastKnownFileType = wrapper.framework; name = CoreLocation.framework; path = System/Library/Frameworks/CoreLocation.framework; sourceTree = SDKROOT; };
		874257FA19DF8C31001AB03E /* NotfoundViewController.h */ = {isa = PBXFileReference; fileEncoding = 4; lastKnownFileType = sourcecode.c.h; path = NotfoundViewController.h; sourceTree = "<group>"; };
		874257FB19DF8C31001AB03E /* NotfoundViewController.m */ = {isa = PBXFileReference; fileEncoding = 4; lastKnownFileType = sourcecode.c.objc; path = NotfoundViewController.m; sourceTree = "<group>"; };
		874257FD19DF8F67001AB03E /* Annotetion.h */ = {isa = PBXFileReference; fileEncoding = 4; lastKnownFileType = sourcecode.c.h; path = Annotetion.h; sourceTree = "<group>"; };
		874257FE19DF8F67001AB03E /* Annotetion.m */ = {isa = PBXFileReference; fileEncoding = 4; lastKnownFileType = sourcecode.c.objc; path = Annotetion.m; sourceTree = "<group>"; };
		8773E60019DE4DCC0062FA6E /* ChoiceViewController.h */ = {isa = PBXFileReference; fileEncoding = 4; lastKnownFileType = sourcecode.c.h; path = ChoiceViewController.h; sourceTree = "<group>"; };
		8773E60119DE4DCC0062FA6E /* ChoiceViewController.m */ = {isa = PBXFileReference; fileEncoding = 4; lastKnownFileType = sourcecode.c.objc; path = ChoiceViewController.m; sourceTree = "<group>"; };
		877C007219E609FA00EB7336 /* bad.mp3 */ = {isa = PBXFileReference; lastKnownFileType = audio.mp3; name = bad.mp3; path = "../../../アプリの効果音/bad.mp3"; sourceTree = "<group>"; };
		877C007319E609FA00EB7336 /* glass.mp3 */ = {isa = PBXFileReference; lastKnownFileType = audio.mp3; name = glass.mp3; path = "../../../アプリの効果音/glass.mp3"; sourceTree = "<group>"; };
		877C007419E609FA00EB7336 /* kanpai.mp3 */ = {isa = PBXFileReference; lastKnownFileType = audio.mp3; name = kanpai.mp3; path = "../../../アプリの効果音/kanpai.mp3"; sourceTree = "<group>"; };
		877C007519E609FA00EB7336 /* sad.mp3 */ = {isa = PBXFileReference; lastKnownFileType = audio.mp3; name = sad.mp3; path = "../../../アプリの効果音/sad.mp3"; sourceTree = "<group>"; };
		878B821319DE42810003D8E1 /* nominikoi.app */ = {isa = PBXFileReference; explicitFileType = wrapper.application; includeInIndex = 0; path = nominikoi.app; sourceTree = BUILT_PRODUCTS_DIR; };
		878B821719DE42810003D8E1 /* Info.plist */ = {isa = PBXFileReference; lastKnownFileType = text.plist.xml; path = Info.plist; sourceTree = "<group>"; };
		878B821819DE42810003D8E1 /* main.m */ = {isa = PBXFileReference; lastKnownFileType = sourcecode.c.objc; path = main.m; sourceTree = "<group>"; };
		878B821A19DE42810003D8E1 /* AppDelegate.h */ = {isa = PBXFileReference; lastKnownFileType = sourcecode.c.h; path = AppDelegate.h; sourceTree = "<group>"; };
		878B821B19DE42810003D8E1 /* AppDelegate.m */ = {isa = PBXFileReference; lastKnownFileType = sourcecode.c.objc; path = AppDelegate.m; sourceTree = "<group>"; };
		878B821D19DE42810003D8E1 /* ViewController.h */ = {isa = PBXFileReference; lastKnownFileType = sourcecode.c.h; path = ViewController.h; sourceTree = "<group>"; };
		878B821E19DE42810003D8E1 /* ViewController.m */ = {isa = PBXFileReference; lastKnownFileType = sourcecode.c.objc; path = ViewController.m; sourceTree = "<group>"; };
		878B822119DE42810003D8E1 /* Base */ = {isa = PBXFileReference; lastKnownFileType = file.storyboard; name = Base; path = Base.lproj/Main.storyboard; sourceTree = "<group>"; };
		878B822319DE42810003D8E1 /* Images.xcassets */ = {isa = PBXFileReference; lastKnownFileType = folder.assetcatalog; path = Images.xcassets; sourceTree = "<group>"; };
		878B822619DE42810003D8E1 /* Base */ = {isa = PBXFileReference; lastKnownFileType = file.xib; name = Base; path = Base.lproj/LaunchScreen.xib; sourceTree = "<group>"; };
		878B822C19DE42810003D8E1 /* nominikoiTests.xctest */ = {isa = PBXFileReference; explicitFileType = wrapper.cfbundle; includeInIndex = 0; path = nominikoiTests.xctest; sourceTree = BUILT_PRODUCTS_DIR; };
		878B823119DE42810003D8E1 /* Info.plist */ = {isa = PBXFileReference; lastKnownFileType = text.plist.xml; path = Info.plist; sourceTree = "<group>"; };
		878B823219DE42810003D8E1 /* nominikoiTests.m */ = {isa = PBXFileReference; lastKnownFileType = sourcecode.c.objc; path = nominikoiTests.m; sourceTree = "<group>"; };
		87974B7C19E23DAD00C0957C /* Anotetion.h */ = {isa = PBXFileReference; fileEncoding = 4; lastKnownFileType = sourcecode.c.h; name = Anotetion.h; path = ../../../Anotetion.h; sourceTree = "<group>"; };
		87974B7D19E23DAD00C0957C /* Anotetion.m */ = {isa = PBXFileReference; fileEncoding = 4; lastKnownFileType = sourcecode.c.objc; name = Anotetion.m; path = ../../../Anotetion.m; sourceTree = "<group>"; };
		8799141919DE70310010F804 /* MainViewController.h */ = {isa = PBXFileReference; fileEncoding = 4; lastKnownFileType = sourcecode.c.h; path = MainViewController.h; sourceTree = "<group>"; };
		8799141A19DE70310010F804 /* MainViewController.m */ = {isa = PBXFileReference; fileEncoding = 4; lastKnownFileType = sourcecode.c.objc; path = MainViewController.m; sourceTree = "<group>"; };
		879C70AF19E4F48100FE7A41 /* FailViewController.h */ = {isa = PBXFileReference; fileEncoding = 4; lastKnownFileType = sourcecode.c.h; path = FailViewController.h; sourceTree = "<group>"; };
		879C70B019E4F48100FE7A41 /* FailViewController.m */ = {isa = PBXFileReference; fileEncoding = 4; lastKnownFileType = sourcecode.c.objc; path = FailViewController.m; sourceTree = "<group>"; };
		879C70B219E5060600FE7A41 /* SucsessViewController.h */ = {isa = PBXFileReference; fileEncoding = 4; lastKnownFileType = sourcecode.c.h; path = SucsessViewController.h; sourceTree = "<group>"; };
		879C70B319E5060600FE7A41 /* SucsessViewController.m */ = {isa = PBXFileReference; fileEncoding = 4; lastKnownFileType = sourcecode.c.objc; path = SucsessViewController.m; sourceTree = "<group>"; };
/* End PBXFileReference section */

/* Begin PBXFrameworksBuildPhase section */
		878B821019DE42810003D8E1 /* Frameworks */ = {
			isa = PBXFrameworksBuildPhase;
			buildActionMask = 2147483647;
			files = (
				8718795119DE4CA1009F78BC /* CoreLocation.framework in Frameworks */,
				8718794F19DE4C6F009F78BC /* AudioToolbox.framework in Frameworks */,
				8718794D19DE4C60009F78BC /* AVFoundation.framework in Frameworks */,
				8718794B19DE4C1A009F78BC /* MapKit.framework in Frameworks */,
			);
			runOnlyForDeploymentPostprocessing = 0;
		};
		878B822919DE42810003D8E1 /* Frameworks */ = {
			isa = PBXFrameworksBuildPhase;
			buildActionMask = 2147483647;
			files = (
			);
			runOnlyForDeploymentPostprocessing = 0;
		};
/* End PBXFrameworksBuildPhase section */

/* Begin PBXGroup section */
		878B820A19DE42810003D8E1 = {
			isa = PBXGroup;
			children = (
				8718795019DE4CA1009F78BC /* CoreLocation.framework */,
				8718794E19DE4C6F009F78BC /* AudioToolbox.framework */,
				8718794C19DE4C60009F78BC /* AVFoundation.framework */,
				8718794A19DE4C1A009F78BC /* MapKit.framework */,
				878B821519DE42810003D8E1 /* nominikoi */,
				878B822F19DE42810003D8E1 /* nominikoiTests */,
				878B821419DE42810003D8E1 /* Products */,
			);
			sourceTree = "<group>";
		};
		878B821419DE42810003D8E1 /* Products */ = {
			isa = PBXGroup;
			children = (
				878B821319DE42810003D8E1 /* nominikoi.app */,
				878B822C19DE42810003D8E1 /* nominikoiTests.xctest */,
			);
			name = Products;
			sourceTree = "<group>";
		};
		878B821519DE42810003D8E1 /* nominikoi */ = {
			isa = PBXGroup;
			children = (
				878B821A19DE42810003D8E1 /* AppDelegate.h */,
				87974B7C19E23DAD00C0957C /* Anotetion.h */,
				87974B7D19E23DAD00C0957C /* Anotetion.m */,
				878B821B19DE42810003D8E1 /* AppDelegate.m */,
				878B821D19DE42810003D8E1 /* ViewController.h */,
				878B821E19DE42810003D8E1 /* ViewController.m */,
				878B822019DE42810003D8E1 /* Main.storyboard */,
				879C70B219E5060600FE7A41 /* SucsessViewController.h */,
				879C70B319E5060600FE7A41 /* SucsessViewController.m */,
				879C70AF19E4F48100FE7A41 /* FailViewController.h */,
				879C70B019E4F48100FE7A41 /* FailViewController.m */,
				874257FD19DF8F67001AB03E /* Annotetion.h */,
				874257FE19DF8F67001AB03E /* Annotetion.m */,
				874257FA19DF8C31001AB03E /* NotfoundViewController.h */,
				874257FB19DF8C31001AB03E /* NotfoundViewController.m */,
				8799141919DE70310010F804 /* MainViewController.h */,
				8799141A19DE70310010F804 /* MainViewController.m */,
				8773E60019DE4DCC0062FA6E /* ChoiceViewController.h */,
				8773E60119DE4DCC0062FA6E /* ChoiceViewController.m */,
				878B822319DE42810003D8E1 /* Images.xcassets */,
				878B822519DE42810003D8E1 /* LaunchScreen.xib */,
				878B821619DE42810003D8E1 /* Supporting Files */,
			);
			path = nominikoi;
			sourceTree = "<group>";
		};
		878B821619DE42810003D8E1 /* Supporting Files */ = {
			isa = PBXGroup;
			children = (
				877C007219E609FA00EB7336 /* bad.mp3 */,
				877C007319E609FA00EB7336 /* glass.mp3 */,
				877C007419E609FA00EB7336 /* kanpai.mp3 */,
				877C007519E609FA00EB7336 /* sad.mp3 */,
				87138AC519E541F100E3CFFC /* gekido.mp3 */,
				878B821719DE42810003D8E1 /* Info.plist */,
				878B821819DE42810003D8E1 /* main.m */,
			);
			name = "Supporting Files";
			sourceTree = "<group>";
		};
		878B822F19DE42810003D8E1 /* nominikoiTests */ = {
			isa = PBXGroup;
			children = (
				878B823219DE42810003D8E1 /* nominikoiTests.m */,
				878B823019DE42810003D8E1 /* Supporting Files */,
			);
			path = nominikoiTests;
			sourceTree = "<group>";
		};
		878B823019DE42810003D8E1 /* Supporting Files */ = {
			isa = PBXGroup;
			children = (
				878B823119DE42810003D8E1 /* Info.plist */,
			);
			name = "Supporting Files";
			sourceTree = "<group>";
		};
/* End PBXGroup section */

/* Begin PBXNativeTarget section */
		878B821219DE42810003D8E1 /* nominikoi */ = {
			isa = PBXNativeTarget;
			buildConfigurationList = 878B823619DE42810003D8E1 /* Build configuration list for PBXNativeTarget "nominikoi" */;
			buildPhases = (
				878B820F19DE42810003D8E1 /* Sources */,
				878B821019DE42810003D8E1 /* Frameworks */,
				878B821119DE42810003D8E1 /* Resources */,
			);
			buildRules = (
			);
			dependencies = (
			);
			name = nominikoi;
			productName = nominikoi;
			productReference = 878B821319DE42810003D8E1 /* nominikoi.app */;
			productType = "com.apple.product-type.application";
		};
		878B822B19DE42810003D8E1 /* nominikoiTests */ = {
			isa = PBXNativeTarget;
			buildConfigurationList = 878B823919DE42810003D8E1 /* Build configuration list for PBXNativeTarget "nominikoiTests" */;
			buildPhases = (
				878B822819DE42810003D8E1 /* Sources */,
				878B822919DE42810003D8E1 /* Frameworks */,
				878B822A19DE42810003D8E1 /* Resources */,
			);
			buildRules = (
			);
			dependencies = (
				878B822E19DE42810003D8E1 /* PBXTargetDependency */,
			);
			name = nominikoiTests;
			productName = nominikoiTests;
			productReference = 878B822C19DE42810003D8E1 /* nominikoiTests.xctest */;
			productType = "com.apple.product-type.bundle.unit-test";
		};
/* End PBXNativeTarget section */

/* Begin PBXProject section */
		878B820B19DE42810003D8E1 /* Project object */ = {
			isa = PBXProject;
			attributes = {
				LastUpgradeCheck = 0600;
				ORGANIZATIONNAME = mycompany;
				TargetAttributes = {
					878B821219DE42810003D8E1 = {
						CreatedOnToolsVersion = 6.0.1;
						DevelopmentTeam = F6V5S453ZH;
					};
					878B822B19DE42810003D8E1 = {
						CreatedOnToolsVersion = 6.0.1;
						TestTargetID = 878B821219DE42810003D8E1;
					};
				};
			};
			buildConfigurationList = 878B820E19DE42810003D8E1 /* Build configuration list for PBXProject "nominikoi" */;
			compatibilityVersion = "Xcode 3.2";
			developmentRegion = English;
			hasScannedForEncodings = 0;
			knownRegions = (
				en,
				Base,
			);
			mainGroup = 878B820A19DE42810003D8E1;
			productRefGroup = 878B821419DE42810003D8E1 /* Products */;
			projectDirPath = "";
			projectRoot = "";
			targets = (
				878B821219DE42810003D8E1 /* nominikoi */,
				878B822B19DE42810003D8E1 /* nominikoiTests */,
			);
		};
/* End PBXProject section */

/* Begin PBXResourcesBuildPhase section */
		878B821119DE42810003D8E1 /* Resources */ = {
			isa = PBXResourcesBuildPhase;
			buildActionMask = 2147483647;
			files = (
				877C007619E609FA00EB7336 /* bad.mp3 in Resources */,
				878B822219DE42810003D8E1 /* Main.storyboard in Resources */,
				877C007819E609FA00EB7336 /* kanpai.mp3 in Resources */,
				878B822719DE42810003D8E1 /* LaunchScreen.xib in Resources */,
				877C007719E609FA00EB7336 /* glass.mp3 in Resources */,
				877C007919E609FA00EB7336 /* sad.mp3 in Resources */,
				878B822419DE42810003D8E1 /* Images.xcassets in Resources */,
				87138AC619E541F100E3CFFC /* gekido.mp3 in Resources */,
			);
			runOnlyForDeploymentPostprocessing = 0;
		};
		878B822A19DE42810003D8E1 /* Resources */ = {
			isa = PBXResourcesBuildPhase;
			buildActionMask = 2147483647;
			files = (
			);
			runOnlyForDeploymentPostprocessing = 0;
		};
/* End PBXResourcesBuildPhase section */

/* Begin PBXSourcesBuildPhase section */
		878B820F19DE42810003D8E1 /* Sources */ = {
			isa = PBXSourcesBuildPhase;
			buildActionMask = 2147483647;
			files = (
				878B821F19DE42810003D8E1 /* ViewController.m in Sources */,
				874257FC19DF8C31001AB03E /* NotfoundViewController.m in Sources */,
				874257FF19DF8F67001AB03E /* Annotetion.m in Sources */,
				878B821C19DE42810003D8E1 /* AppDelegate.m in Sources */,
				878B821919DE42810003D8E1 /* main.m in Sources */,
				879C70B119E4F48100FE7A41 /* FailViewController.m in Sources */,
				879C70B419E5060600FE7A41 /* SucsessViewController.m in Sources */,
				8799141B19DE70310010F804 /* MainViewController.m in Sources */,
				8773E60219DE4DCC0062FA6E /* ChoiceViewController.m in Sources */,
				87974B7E19E23DAD00C0957C /* Anotetion.m in Sources */,
			);
			runOnlyForDeploymentPostprocessing = 0;
		};
		878B822819DE42810003D8E1 /* Sources */ = {
			isa = PBXSourcesBuildPhase;
			buildActionMask = 2147483647;
			files = (
				878B823319DE42810003D8E1 /* nominikoiTests.m in Sources */,
			);
			runOnlyForDeploymentPostprocessing = 0;
		};
/* End PBXSourcesBuildPhase section */

/* Begin PBXTargetDependency section */
		878B822E19DE42810003D8E1 /* PBXTargetDependency */ = {
			isa = PBXTargetDependency;
			target = 878B821219DE42810003D8E1 /* nominikoi */;
			targetProxy = 878B822D19DE42810003D8E1 /* PBXContainerItemProxy */;
		};
/* End PBXTargetDependency section */

/* Begin PBXVariantGroup section */
		878B822019DE42810003D8E1 /* Main.storyboard */ = {
			isa = PBXVariantGroup;
			children = (
				878B822119DE42810003D8E1 /* Base */,
			);
			name = Main.storyboard;
			sourceTree = "<group>";
		};
		878B822519DE42810003D8E1 /* LaunchScreen.xib */ = {
			isa = PBXVariantGroup;
			children = (
				878B822619DE42810003D8E1 /* Base */,
			);
			name = LaunchScreen.xib;
			sourceTree = "<group>";
		};
/* End PBXVariantGroup section */

/* Begin XCBuildConfiguration section */
		878B823419DE42810003D8E1 /* Debug */ = {
			isa = XCBuildConfiguration;
			buildSettings = {
				ALWAYS_SEARCH_USER_PATHS = NO;
				CLANG_CXX_LANGUAGE_STANDARD = "gnu++0x";
				CLANG_CXX_LIBRARY = "libc++";
				CLANG_ENABLE_MODULES = YES;
				CLANG_ENABLE_OBJC_ARC = YES;
				CLANG_WARN_BOOL_CONVERSION = YES;
				CLANG_WARN_CONSTANT_CONVERSION = YES;
				CLANG_WARN_DIRECT_OBJC_ISA_USAGE = YES_ERROR;
				CLANG_WARN_EMPTY_BODY = YES;
				CLANG_WARN_ENUM_CONVERSION = YES;
				CLANG_WARN_INT_CONVERSION = YES;
				CLANG_WARN_OBJC_ROOT_CLASS = YES_ERROR;
				CLANG_WARN_UNREACHABLE_CODE = YES;
				CLANG_WARN__DUPLICATE_METHOD_MATCH = YES;
				"CODE_SIGN_IDENTITY[sdk=iphoneos*]" = "iPhone Developer";
				COPY_PHASE_STRIP = NO;
				ENABLE_STRICT_OBJC_MSGSEND = YES;
				GCC_C_LANGUAGE_STANDARD = gnu99;
				GCC_DYNAMIC_NO_PIC = NO;
				GCC_OPTIMIZATION_LEVEL = 0;
				GCC_PREPROCESSOR_DEFINITIONS = (
					"DEBUG=1",
					"$(inherited)",
				);
				GCC_SYMBOLS_PRIVATE_EXTERN = NO;
				GCC_WARN_64_TO_32_BIT_CONVERSION = YES;
				GCC_WARN_ABOUT_RETURN_TYPE = YES_ERROR;
				GCC_WARN_UNDECLARED_SELECTOR = YES;
				GCC_WARN_UNINITIALIZED_AUTOS = YES_AGGRESSIVE;
				GCC_WARN_UNUSED_FUNCTION = YES;
				GCC_WARN_UNUSED_VARIABLE = YES;
				IPHONEOS_DEPLOYMENT_TARGET = 8.0;
				MTL_ENABLE_DEBUG_INFO = YES;
				ONLY_ACTIVE_ARCH = YES;
				SDKROOT = iphoneos;
			};
			name = Debug;
		};
		878B823519DE42810003D8E1 /* Release */ = {
			isa = XCBuildConfiguration;
			buildSettings = {
				ALWAYS_SEARCH_USER_PATHS = NO;
				CLANG_CXX_LANGUAGE_STANDARD = "gnu++0x";
				CLANG_CXX_LIBRARY = "libc++";
				CLANG_ENABLE_MODULES = YES;
				CLANG_ENABLE_OBJC_ARC = YES;
				CLANG_WARN_BOOL_CONVERSION = YES;
				CLANG_WARN_CONSTANT_CONVERSION = YES;
				CLANG_WARN_DIRECT_OBJC_ISA_USAGE = YES_ERROR;
				CLANG_WARN_EMPTY_BODY = YES;
				CLANG_WARN_ENUM_CONVERSION = YES;
				CLANG_WARN_INT_CONVERSION = YES;
				CLANG_WARN_OBJC_ROOT_CLASS = YES_ERROR;
				CLANG_WARN_UNREACHABLE_CODE = YES;
				CLANG_WARN__DUPLICATE_METHOD_MATCH = YES;
				"CODE_SIGN_IDENTITY[sdk=iphoneos*]" = "iPhone Developer";
				COPY_PHASE_STRIP = YES;
				ENABLE_NS_ASSERTIONS = NO;
				ENABLE_STRICT_OBJC_MSGSEND = YES;
				GCC_C_LANGUAGE_STANDARD = gnu99;
				GCC_WARN_64_TO_32_BIT_CONVERSION = YES;
				GCC_WARN_ABOUT_RETURN_TYPE = YES_ERROR;
				GCC_WARN_UNDECLARED_SELECTOR = YES;
				GCC_WARN_UNINITIALIZED_AUTOS = YES_AGGRESSIVE;
				GCC_WARN_UNUSED_FUNCTION = YES;
				GCC_WARN_UNUSED_VARIABLE = YES;
				IPHONEOS_DEPLOYMENT_TARGET = 8.0;
				MTL_ENABLE_DEBUG_INFO = NO;
				SDKROOT = iphoneos;
				VALIDATE_PRODUCT = YES;
			};
			name = Release;
		};
		878B823719DE42810003D8E1 /* Debug */ = {
			isa = XCBuildConfiguration;
			buildSettings = {
				ASSETCATALOG_COMPILER_APPICON_NAME = AppIcon;
				CODE_SIGN_IDENTITY = "iPhone Developer";
				INFOPLIST_FILE = nominikoi/Info.plist;
				LD_RUNPATH_SEARCH_PATHS = "$(inherited) @executable_path/Frameworks";
				PRODUCT_NAME = "$(TARGET_NAME)";
			};
			name = Debug;
		};
		878B823819DE42810003D8E1 /* Release */ = {
			isa = XCBuildConfiguration;
			buildSettings = {
				ASSETCATALOG_COMPILER_APPICON_NAME = AppIcon;
				CODE_SIGN_IDENTITY = "iPhone Developer";
				INFOPLIST_FILE = nominikoi/Info.plist;
				LD_RUNPATH_SEARCH_PATHS = "$(inherited) @executable_path/Frameworks";
				PRODUCT_NAME = "$(TARGET_NAME)";
			};
			name = Release;
		};
		878B823A19DE42810003D8E1 /* Debug */ = {
			isa = XCBuildConfiguration;
			buildSettings = {
				BUNDLE_LOADER = "$(TEST_HOST)";
				FRAMEWORK_SEARCH_PATHS = (
					"$(SDKROOT)/Developer/Library/Frameworks",
					"$(inherited)",
				);
				GCC_PREPROCESSOR_DEFINITIONS = (
					"DEBUG=1",
					"$(inherited)",
				);
				INFOPLIST_FILE = nominikoiTests/Info.plist;
				LD_RUNPATH_SEARCH_PATHS = "$(inherited) @executable_path/Frameworks @loader_path/Frameworks";
				PRODUCT_NAME = "$(TARGET_NAME)";
				TEST_HOST = "$(BUILT_PRODUCTS_DIR)/nominikoi.app/nominikoi";
			};
			name = Debug;
		};
		878B823B19DE42810003D8E1 /* Release */ = {
			isa = XCBuildConfiguration;
			buildSettings = {
				BUNDLE_LOADER = "$(TEST_HOST)";
				FRAMEWORK_SEARCH_PATHS = (
					"$(SDKROOT)/Developer/Library/Frameworks",
					"$(inherited)",
				);
				INFOPLIST_FILE = nominikoiTests/Info.plist;
				LD_RUNPATH_SEARCH_PATHS = "$(inherited) @executable_path/Frameworks @loader_path/Frameworks";
				PRODUCT_NAME = "$(TARGET_NAME)";
				TEST_HOST = "$(BUILT_PRODUCTS_DIR)/nominikoi.app/nominikoi";
			};
			name = Release;
		};
/* End XCBuildConfiguration section */

/* Begin XCConfigurationList section */
		878B820E19DE42810003D8E1 /* Build configuration list for PBXProject "nominikoi" */ = {
			isa = XCConfigurationList;
			buildConfigurations = (
				878B823419DE42810003D8E1 /* Debug */,
				878B823519DE42810003D8E1 /* Release */,
			);
			defaultConfigurationIsVisible = 0;
			defaultConfigurationName = Release;
		};
		878B823619DE42810003D8E1 /* Build configuration list for PBXNativeTarget "nominikoi" */ = {
			isa = XCConfigurationList;
			buildConfigurations = (
				878B823719DE42810003D8E1 /* Debug */,
				878B823819DE42810003D8E1 /* Release */,
			);
			defaultConfigurationIsVisible = 0;
			defaultConfigurationName = Release;
		};
		878B823919DE42810003D8E1 /* Build configuration list for PBXNativeTarget "nominikoiTests" */ = {
			isa = XCConfigurationList;
			buildConfigurations = (
				878B823A19DE42810003D8E1 /* Debug */,
				878B823B19DE42810003D8E1 /* Release */,
			);
			defaultConfigurationIsVisible = 0;
			defaultConfigurationName = Release;
		};
/* End XCConfigurationList section */
	};
	rootObject = 878B820B19DE42810003D8E1 /* Project object */;
}
